{
  "nodes": {
    "home-manager": {
      "inputs": {
        "nixpkgs": "nixpkgs"
      },
      "locked": {
        "lastModified": 1601924802,
        "narHash": "sha256-J2QbHvIa2DcCs9OqRQ+SIrhsHAdVrb9gxlK3/VeVGFA=",
        "owner": "nix-community",
        "repo": "home-manager",
        "rev": "0006da1381b87844c944fe8b925ec864ccf19348",
        "type": "github"
      },
      "original": {
        "owner": "nix-community",
        "repo": "home-manager",
        "type": "github"
      }
    },
    "nixpkgs": {
      "locked": {
        "lastModified": 1601975901,
        "narHash": "sha256-zo7FVvBCje8u4GYy4N6lcBXIsPFPn87rLouDHPMHIp4=",
        "owner": "NixOS",
        "repo": "nixpkgs",
        "rev": "4214f76baabadda2fd0c13cb145ee022ef3af691",
        "type": "github"
      },
      "original": {
        "id": "nixpkgs",
        "type": "indirect"
      }
    },
    "nixpkgs_2": {
      "locked": {
        "lastModified": 1601171649,
        "narHash": "sha256-G3RUAi2DUq6r3ntASLS+LZC/Eamot55W1+xmBOgEh3M=",
        "owner": "nixos",
        "repo": "nixpkgs",
        "rev": "84d74ae9c9cbed73274b8e4e00be14688ffc93fe",
        "type": "github"
      },
      "original": {
        "owner": "nixos",
        "ref": "nixos-unstable",
        "repo": "nixpkgs",
        "type": "github"
      }
    },
    "root": {
      "inputs": {
        "home-manager": "home-manager",
        "nixpkgs": "nixpkgs_2"
      }
    }
  },
  "root": "root",
  "version": 7
}
