{
  "nodes": {
    "botCYeste": {
      "inputs": {
        "fenix": "fenix",
        "flake-utils": [
          "flake-utils"
        ],
        "naersk": "naersk",
        "nixpkgs": [
          "nixpkgs-unstable"
        ]
      },
      "locked": {
        "lastModified": 1631568322,
        "narHash": "sha256-crQQsrciDy3jm1Y85ENnEY8S+EqsRlOmrcPJte2EXOs=",
        "owner": "luc65r",
        "repo": "botCYeste",
        "rev": "5ca0c5493939c9933edc121bea09bb8f30624f50",
        "type": "github"
      },
      "original": {
        "owner": "luc65r",
        "repo": "botCYeste",
        "type": "github"
      }
    },
    "cyrel": {
      "inputs": {
        "fenix": "fenix_2",
        "flake-utils": "flake-utils",
        "naersk": "naersk_2",
        "nixpkgs": "nixpkgs"
      },
      "locked": {
        "lastModified": 1648895505,
        "narHash": "sha256-bKI5Y0twTjVfRsoN2Tc0Xt8gZDOqK6dwmqx1zI8XUVY=",
        "owner": "alyrow",
        "repo": "cyrel",
        "rev": "09a7234750905b2736479d0a0f9a41f9c6f577d6",
        "type": "github"
      },
      "original": {
        "owner": "alyrow",
        "repo": "cyrel",
        "type": "github"
      }
    },
    "emacs": {
      "locked": {
        "lastModified": 1649673521,
        "narHash": "sha256-nJ2C0DeXvrMScU+GuIgosRzt9QGOwjoXN+Qzolc5kck=",
        "owner": "nix-community",
        "repo": "emacs-overlay",
        "rev": "e0f4bc33ca1776c1103d15a63f022e29486d9455",
        "type": "github"
      },
      "original": {
        "owner": "nix-community",
        "repo": "emacs-overlay",
        "type": "github"
      }
    },
    "fenix": {
      "inputs": {
        "nixpkgs": [
          "botCYeste",
          "nixpkgs"
        ],
        "rust-analyzer-src": "rust-analyzer-src"
      },
      "locked": {
        "lastModified": 1631500111,
        "narHash": "sha256-hlQD1QaLRJPwedZY8bvioH6QxGvt4Suo+uaeKy/5HOI=",
        "owner": "nix-community",
        "repo": "fenix",
        "rev": "1e8a0035c4b81da23d195d77ffc240ef67b93516",
        "type": "github"
      },
      "original": {
        "owner": "nix-community",
        "repo": "fenix",
        "type": "github"
      }
    },
    "fenix_2": {
      "inputs": {
        "nixpkgs": [
          "cyrel",
          "nixpkgs"
        ],
        "rust-analyzer-src": "rust-analyzer-src_2"
      },
      "locked": {
        "lastModified": 1646115921,
        "narHash": "sha256-qWsIHQ8Lb0Fk5HcMGD1aVyO1DL+GV1ulf9NuHLcU0V4=",
        "owner": "nix-community",
        "repo": "fenix",
        "rev": "637a0fde617a93d01e5275946402cca15d50ef46",
        "type": "github"
      },
      "original": {
        "owner": "nix-community",
        "repo": "fenix",
        "type": "github"
      }
    },
    "flake-utils": {
      "locked": {
        "lastModified": 1644229661,
        "narHash": "sha256-1YdnJAsNy69bpcjuoKdOYQX0YxZBiCYZo4Twxerqv7k=",
        "owner": "numtide",
        "repo": "flake-utils",
        "rev": "3cecb5b042f7f209c56ffd8371b2711a290ec797",
        "type": "github"
      },
      "original": {
        "owner": "numtide",
        "repo": "flake-utils",
        "type": "github"
      }
    },
    "flake-utils_2": {
      "locked": {
        "lastModified": 1649676176,
        "narHash": "sha256-OWKJratjt2RW151VUlJPRALb7OU2S5s+f0vLj4o1bHM=",
        "owner": "numtide",
        "repo": "flake-utils",
        "rev": "a4b154ebbdc88c8498a5c7b01589addc9e9cb678",
        "type": "github"
      },
      "original": {
        "owner": "numtide",
        "repo": "flake-utils",
        "type": "github"
      }
    },
    "grid": {
      "inputs": {
        "flake-utils": [
          "flake-utils"
        ],
        "nixpkgs": [
          "nixpkgs-unstable"
        ]
      },
      "locked": {
        "lastModified": 1648928092,
        "narHash": "sha256-/p65KjvbqxGFymtNhtcWFGcWwPTPtorndI0UXhVb3is=",
        "owner": "luc65r",
        "repo": "grid",
        "rev": "25f426a40a0faddb4dda658bc45a1bfcb0e63ebe",
        "type": "github"
      },
      "original": {
        "owner": "luc65r",
        "repo": "grid",
        "type": "github"
      }
    },
    "home-manager-unstable": {
      "inputs": {
        "nixpkgs": [
          "nixpkgs-unstable"
        ]
      },
      "locked": {
        "lastModified": 1649642044,
        "narHash": "sha256-V9ZjTJcbDPgWG+H3rIC6XuPHZAPK1VupBbSsuDbptkQ=",
        "owner": "nix-community",
        "repo": "home-manager",
        "rev": "e39a9d0103e3b2e42059c986a8c633824b96c193",
        "type": "github"
      },
      "original": {
        "owner": "nix-community",
        "repo": "home-manager",
        "type": "github"
      }
    },
    "impermanence": {
      "flake": false,
      "locked": {
        "lastModified": 1646131459,
        "narHash": "sha256-GPmgxvUFvQ1GmsGfWHy9+rcxWrczeDhS9XnAIPHi9XQ=",
        "owner": "nix-community",
        "repo": "impermanence",
        "rev": "2f39baeb7d039fda5fc8225111bb79474138e6f4",
        "type": "github"
      },
      "original": {
        "owner": "nix-community",
        "repo": "impermanence",
        "type": "github"
      }
    },
    "naersk": {
      "inputs": {
        "nixpkgs": [
          "botCYeste",
          "nixpkgs"
        ]
      },
      "locked": {
        "lastModified": 1631004250,
        "narHash": "sha256-LGh0CjAZwh13AVkTi9w9lITEC7x6bwSQyFViOZ6HyNo=",
        "owner": "nix-community",
        "repo": "naersk",
        "rev": "08afb3d1dbfe016108b72e05b02ba0f6ecb3c8e1",
        "type": "github"
      },
      "original": {
        "owner": "nix-community",
        "repo": "naersk",
        "type": "github"
      }
    },
    "naersk_2": {
      "inputs": {
        "nixpkgs": [
          "cyrel",
          "nixpkgs"
        ]
      },
      "locked": {
        "lastModified": 1639947939,
        "narHash": "sha256-pGsM8haJadVP80GFq4xhnSpNitYNQpaXk4cnA796Cso=",
        "owner": "nix-community",
        "repo": "naersk",
        "rev": "2fc8ce9d3c025d59fee349c1f80be9785049d653",
        "type": "github"
      },
      "original": {
        "owner": "nix-community",
        "repo": "naersk",
        "type": "github"
      }
    },
    "nixpkgs": {
      "locked": {
        "lastModified": 1645937171,
        "narHash": "sha256-n9f9GZBNMe8UMhcgmmaXNObkH01jjgp7INMrUgBgcy4=",
        "owner": "NixOS",
        "repo": "nixpkgs",
        "rev": "22dc22f8cedc58fcb11afe1acb08e9999e78be9c",
        "type": "github"
      },
      "original": {
        "owner": "NixOS",
        "ref": "nixpkgs-unstable",
        "repo": "nixpkgs",
        "type": "github"
      }
    },
    "nixpkgs-stable": {
      "locked": {
        "lastModified": 1645296114,
        "narHash": "sha256-y53N7TyIkXsjMpOG7RhvqJFGDacLs9HlyHeSTBioqYU=",
        "owner": "nixos",
        "repo": "nixpkgs",
        "rev": "530a53dcbc9437363471167a5e4762c5fcfa34a1",
        "type": "github"
      },
      "original": {
        "owner": "nixos",
        "ref": "nixos-21.05",
        "repo": "nixpkgs",
        "type": "github"
      }
    },
    "nixpkgs-unstable": {
      "locked": {
        "lastModified": 1649497218,
        "narHash": "sha256-groqC9m1P4hpnL6jQvZ3C8NEtduhdkvwGT0+0LUrcYw=",
        "owner": "nixos",
        "repo": "nixpkgs",
        "rev": "fd364d268852561223a5ada15caad669fd72800e",
        "type": "github"
      },
      "original": {
        "owner": "nixos",
        "ref": "nixos-unstable",
        "repo": "nixpkgs",
        "type": "github"
      }
    },
    "root": {
      "inputs": {
        "botCYeste": "botCYeste",
        "cyrel": "cyrel",
        "emacs": "emacs",
        "flake-utils": "flake-utils_2",
        "grid": "grid",
        "home-manager-unstable": "home-manager-unstable",
        "impermanence": "impermanence",
        "nixpkgs-stable": "nixpkgs-stable",
        "nixpkgs-unstable": "nixpkgs-unstable",
        "secrets": "secrets"
      }
    },
    "rust-analyzer-src": {
      "flake": false,
      "locked": {
        "lastModified": 1631481681,
        "narHash": "sha256-pd2qZkbSJgzy3zjBbevq/Ml4FEq5wsyVMSS3ZTBGj10=",
        "owner": "rust-analyzer",
        "repo": "rust-analyzer",
        "rev": "516eb40ba5b9d20e59e98185d1b2fcba5599ef7a",
        "type": "github"
      },
      "original": {
        "owner": "rust-analyzer",
        "ref": "nightly",
        "repo": "rust-analyzer",
        "type": "github"
      }
    },
    "rust-analyzer-src_2": {
      "flake": false,
      "locked": {
        "lastModified": 1646043344,
        "narHash": "sha256-eRjC16pYTv6EqyyuE/EN3MwIx+sckiVKJVVP0LgXlPs=",
        "owner": "rust-analyzer",
        "repo": "rust-analyzer",
        "rev": "342c3c42bb282cae05e9d8740c2f724ea8014150",
        "type": "github"
      },
      "original": {
        "owner": "rust-analyzer",
        "ref": "nightly",
        "repo": "rust-analyzer",
        "type": "github"
      }
    },
    "secrets": {
      "inputs": {
        "nixpkgs": [
          "nixpkgs-unstable"
        ]
      },
      "locked": {
        "lastModified": 1644449548,
        "narHash": "sha256-vNBrpRWuJSrvl9FMKB35Et7PepBrfBssswZvHd7CWIw=",
        "type": "git",
        "url": "file:///home/lucas/nixsecrets"
      },
      "original": {
        "type": "git",
        "url": "file:///home/lucas/nixsecrets"
      }
    }
  },
  "root": "root",
  "version": 7
}
