{
  "nodes": {
    "emacs": {
      "locked": {
        "lastModified": 1606120636,
        "narHash": "sha256-ZjWdJIkHMaHkG5YOSL9PjNF/xxBQI/SlF/UrsXWsncU=",
        "owner": "nix-community",
        "repo": "emacs-overlay",
        "rev": "19930a3a7eca00f27de08cf9f1cdee249acbdc14",
        "type": "github"
      },
      "original": {
        "owner": "nix-community",
        "repo": "emacs-overlay",
        "type": "github"
      }
    },
    "home-manager": {
      "inputs": {
        "nixpkgs": "nixpkgs"
      },
      "locked": {
        "lastModified": 1606046962,
        "narHash": "sha256-244JrrVFht/VMRItDcDlrcwejqpqJInDUWA/x6mucW4=",
        "owner": "nix-community",
        "repo": "home-manager",
        "rev": "a3a0f1289acac24ce2ffe0481bf8cabd3a6ccc64",
        "type": "github"
      },
      "original": {
        "owner": "nix-community",
        "repo": "home-manager",
        "type": "github"
      }
    },
    "nixpkgs": {
      "locked": {
        "lastModified": 1605225031,
        "narHash": "sha256-W+7blIrccTCTyQCCE4aGn1cFrGIuTinN96GxZrJiojs=",
        "path": "/nix/store/bg90ynli8h6vqa3w7v8zs14k98bp6lm2-source",
        "rev": "2deeb58f49480f468adca6b08291322de4dbce6b",
        "type": "path"
      },
      "original": {
        "id": "nixpkgs",
        "type": "indirect"
      }
    },
    "nixpkgs_2": {
      "locked": {
        "lastModified": 1605744920,
        "narHash": "sha256-FGg6wSlUv4A0Mue4snu2VRNZOoJVT2+vLkfJ2HGcFeQ=",
        "owner": "nixos",
        "repo": "nixpkgs",
        "rev": "a322b32e9d74fb476944ff6cfb55833dc69cfaaa",
        "type": "github"
      },
      "original": {
        "owner": "nixos",
        "ref": "nixos-unstable",
        "repo": "nixpkgs",
        "type": "github"
      }
    },
    "root": {
      "inputs": {
        "emacs": "emacs",
        "home-manager": "home-manager",
        "nixpkgs": "nixpkgs_2"
      }
    }
  },
  "root": "root",
  "version": 7
}
